
Microsoft Visual Studio Solution File, Format Version 12.00
# Visual Studio Version 17
VisualStudioVersion = 17.4.33122.133
MinimumVisualStudioVersion = 10.0.40219.1
Project("{FAE04EC0-301F-11D3-BF4B-00C04F79EFBC}") = "saglik_ocagi_otomasyon", "saglik_ocagi_otomasyon\saglik_ocagi_otomasyon.csproj", "{8AC57512-8FAA-42E6-92E4-CDCBFBF0875A}"
EndProject
Global
	GlobalSection(SolutionConfigurationPlatforms) = preSolution
		Debug|Any CPU = Debug|Any CPU
		Debug|x64 = Debug|x64
		Release|Any CPU = Release|Any CPU
		Release|x64 = Release|x64
	EndGlobalSection
	GlobalSection(ProjectConfigurationPlatforms) = postSolution
		{8AC57512-8FAA-42E6-92E4-CDCBFBF0875A}.Debug|Any CPU.ActiveCfg = Debug|Any CPU
		{8AC57512-8FAA-42E6-92E4-CDCBFBF0875A}.Debug|Any CPU.Build.0 = Debug|Any CPU
		{8AC57512-8FAA-42E6-92E4-CDCBFBF0875A}.Debug|x64.ActiveCfg = Debug|x64
		{8AC57512-8FAA-42E6-92E4-CDCBFBF0875A}.Debug|x64.Build.0 = Debug|x64
		{8AC57512-8FAA-42E6-92E4-CDCBFBF0875A}.Release|Any CPU.ActiveCfg = Release|Any CPU
		{8AC57512-8FAA-42E6-92E4-CDCBFBF0875A}.Release|Any CPU.Build.0 = Release|Any CPU
		{8AC57512-8FAA-42E6-92E4-CDCBFBF0875A}.Release|x64.ActiveCfg = Release|x64
		{8AC57512-8FAA-42E6-92E4-CDCBFBF0875A}.Release|x64.Build.0 = Release|x64
	EndGlobalSection
	GlobalSection(SolutionProperties) = preSolution
		HideSolutionNode = FALSE
	EndGlobalSection
	GlobalSection(ExtensibilityGlobals) = postSolution
		SolutionGuid = {C53C504D-C615-49D4-8C62-7D84B78394DB}
	EndGlobalSection
EndGlobal
